
Microsoft Visual Studio Solution File, Format Version 12.00
# Visual Studio Version 17
VisualStudioVersion = 17.10.35004.147
MinimumVisualStudioVersion = 10.0.40219.1
Project("{FAE04EC0-301F-11D3-BF4B-00C04F79EFBC}") = "EmployeMVC", "EmployeMVC\EmployeMVC.csproj", "{D0523FEB-79AA-48D3-83A9-9F9BA788BD23}"
EndProject
Global
	GlobalSection(SolutionConfigurationPlatforms) = preSolution
		Debug|Any CPU = Debug|Any CPU
		Release|Any CPU = Release|Any CPU
	EndGlobalSection
	GlobalSection(ProjectConfigurationPlatforms) = postSolution
		{D0523FEB-79AA-48D3-83A9-9F9BA788BD23}.Debug|Any CPU.ActiveCfg = Debug|Any CPU
		{D0523FEB-79AA-48D3-83A9-9F9BA788BD23}.Debug|Any CPU.Build.0 = Debug|Any CPU
		{D0523FEB-79AA-48D3-83A9-9F9BA788BD23}.Release|Any CPU.ActiveCfg = Release|Any CPU
		{D0523FEB-79AA-48D3-83A9-9F9BA788BD23}.Release|Any CPU.Build.0 = Release|Any CPU
	EndGlobalSection
	GlobalSection(SolutionProperties) = preSolution
		HideSolutionNode = FALSE
	EndGlobalSection
	GlobalSection(ExtensibilityGlobals) = postSolution
		SolutionGuid = {F306E5C1-0D48-4F39-8A8D-4638938E0E3B}
	EndGlobalSection
EndGlobal
